// !$*UTF8*$!
{
	archiveVersion = 1;
	classes = {
	};
	objectVersion = 46;
	objects = {

/* Begin PBXBuildFile section */
		2A25E8201D92B7AF004DEDAB /* AppDelegate.swift in Sources */ = {isa = PBXBuildFile; fileRef = 2A25E81F1D92B7AF004DEDAB /* AppDelegate.swift */; };
		2A25E8221D92B7AF004DEDAB /* ViewController.swift in Sources */ = {isa = PBXBuildFile; fileRef = 2A25E8211D92B7AF004DEDAB /* ViewController.swift */; };
		2A25E8251D92B7AF004DEDAB /* Main.storyboard in Resources */ = {isa = PBXBuildFile; fileRef = 2A25E8231D92B7AF004DEDAB /* Main.storyboard */; };
		2A25E8271D92B7AF004DEDAB /* Assets.xcassets in Resources */ = {isa = PBXBuildFile; fileRef = 2A25E8261D92B7AF004DEDAB /* Assets.xcassets */; };
		2A25E82A1D92B7AF004DEDAB /* LaunchScreen.storyboard in Resources */ = {isa = PBXBuildFile; fileRef = 2A25E8281D92B7AF004DEDAB /* LaunchScreen.storyboard */; };
/* End PBXBuildFile section */

/* Begin PBXFileReference section */
		2A25E81C1D92B7AF004DEDAB /* LayerPractise.app */ = {isa = PBXFileReference; explicitFileType = wrapper.application; includeInIndex = 0; path = LayerPractise.app; sourceTree = BUILT_PRODUCTS_DIR; };
		2A25E81F1D92B7AF004DEDAB /* AppDelegate.swift */ = {isa = PBXFileReference; lastKnownFileType = sourcecode.swift; path = AppDelegate.swift; sourceTree = "<group>"; };
		2A25E8211D92B7AF004DEDAB /* ViewController.swift */ = {isa = PBXFileReference; lastKnownFileType = sourcecode.swift; path = ViewController.swift; sourceTree = "<group>"; };
		2A25E8241D92B7AF004DEDAB /* Base */ = {isa = PBXFileReference; lastKnownFileType = file.storyboard; name = Base; path = Base.lproj/Main.storyboard; sourceTree = "<group>"; };
		2A25E8261D92B7AF004DEDAB /* Assets.xcassets */ = {isa = PBXFileReference; lastKnownFileType = folder.assetcatalog; path = Assets.xcassets; sourceTree = "<group>"; };
		2A25E8291D92B7AF004DEDAB /* Base */ = {isa = PBXFileReference; lastKnownFileType = file.storyboard; name = Base; path = Base.lproj/LaunchScreen.storyboard; sourceTree = "<group>"; };
		2A25E82B1D92B7AF004DEDAB /* Info.plist */ = {isa = PBXFileReference; lastKnownFileType = text.plist.xml; path = Info.plist; sourceTree = "<group>"; };
/* End PBXFileReference section */

/* Begin PBXFrameworksBuildPhase section */
		2A25E8191D92B7AF004DEDAB /* Frameworks */ = {
			isa = PBXFrameworksBuildPhase;
			buildActionMask = 2147483647;
			files = (
			);
			runOnlyForDeploymentPostprocessing = 0;
		};
/* End PBXFrameworksBuildPhase section */

/* Begin PBXGroup section */
		2A25E8131D92B7AF004DEDAB = {
			isa = PBXGroup;
			children = (
				2A25E81E1D92B7AF004DEDAB /* LayerPractise */,
				2A25E81D1D92B7AF004DEDAB /* Products */,
			);
			sourceTree = "<group>";
		};
		2A25E81D1D92B7AF004DEDAB /* Products */ = {
			isa = PBXGroup;
			children = (
				2A25E81C1D92B7AF004DEDAB /* LayerPractise.app */,
			);
			name = Products;
			sourceTree = "<group>";
		};
		2A25E81E1D92B7AF004DEDAB /* LayerPractise */ = {
			isa = PBXGroup;
			children = (
				2A25E81F1D92B7AF004DEDAB /* AppDelegate.swift */,
				2A25E8211D92B7AF004DEDAB /* ViewController.swift */,
				2A25E8231D92B7AF004DEDAB /* Main.storyboard */,
				2A25E8261D92B7AF004DEDAB /* Assets.xcassets */,
				2A25E8281D92B7AF004DEDAB /* LaunchScreen.storyboard */,
				2A25E82B1D92B7AF004DEDAB /* Info.plist */,
			);
			path = LayerPractise;
			sourceTree = "<group>";
		};
/* End PBXGroup section */

/* Begin PBXNativeTarget section */
		2A25E81B1D92B7AF004DEDAB /* LayerPractise */ = {
			isa = PBXNativeTarget;
			buildConfigurationList = 2A25E82E1D92B7AF004DEDAB /* Build configuration list for PBXNativeTarget "LayerPractise" */;
			buildPhases = (
				2A25E8181D92B7AF004DEDAB /* Sources */,
				2A25E8191D92B7AF004DEDAB /* Frameworks */,
				2A25E81A1D92B7AF004DEDAB /* Resources */,
			);
			buildRules = (
			);
			dependencies = (
			);
			name = LayerPractise;
			productName = LayerPractise;
			productReference = 2A25E81C1D92B7AF004DEDAB /* LayerPractise.app */;
			productType = "com.apple.product-type.application";
		};
/* End PBXNativeTarget section */

/* Begin PBXProject section */
		2A25E8141D92B7AF004DEDAB /* Project object */ = {
			isa = PBXProject;
			attributes = {
				LastSwiftUpdateCheck = 0730;
				LastUpgradeCheck = 0730;
				ORGANIZATIONNAME = cjfire;
				TargetAttributes = {
					2A25E81B1D92B7AF004DEDAB = {
						CreatedOnToolsVersion = 7.3.1;
					};
				};
			};
			buildConfigurationList = 2A25E8171D92B7AF004DEDAB /* Build configuration list for PBXProject "LayerPractise" */;
			compatibilityVersion = "Xcode 3.2";
			developmentRegion = English;
			hasScannedForEncodings = 0;
			knownRegions = (
				en,
				Base,
			);
			mainGroup = 2A25E8131D92B7AF004DEDAB;
			productRefGroup = 2A25E81D1D92B7AF004DEDAB /* Products */;
			projectDirPath = "";
			projectRoot = "";
			targets = (
				2A25E81B1D92B7AF004DEDAB /* LayerPractise */,
			);
		};
/* End PBXProject section */

/* Begin PBXResourcesBuildPhase section */
		2A25E81A1D92B7AF004DEDAB /* Resources */ = {
			isa = PBXResourcesBuildPhase;
			buildActionMask = 2147483647;
			files = (
				2A25E82A1D92B7AF004DEDAB /* LaunchScreen.storyboard in Resources */,
				2A25E8271D92B7AF004DEDAB /* Assets.xcassets in Resources */,
				2A25E8251D92B7AF004DEDAB /* Main.storyboard in Resources */,
			);
			runOnlyForDeploymentPostprocessing = 0;
		};
/* End PBXResourcesBuildPhase section */

/* Begin PBXSourcesBuildPhase section */
		2A25E8181D92B7AF004DEDAB /* Sources */ = {
			isa = PBXSourcesBuildPhase;
			buildActionMask = 2147483647;
			files = (
				2A25E8221D92B7AF004DEDAB /* ViewController.swift in Sources */,
				2A25E8201D92B7AF004DEDAB /* AppDelegate.swift in Sources */,
			);
			runOnlyForDeploymentPostprocessing = 0;
		};
/* End PBXSourcesBuildPhase section */

/* Begin PBXVariantGroup section */
		2A25E8231D92B7AF004DEDAB /* Main.storyboard */ = {
			isa = PBXVariantGroup;
			children = (
				2A25E8241D92B7AF004DEDAB /* Base */,
			);
			name = Main.storyboard;
			sourceTree = "<group>";
		};
		2A25E8281D92B7AF004DEDAB /* LaunchScreen.storyboard */ = {
			isa = PBXVariantGroup;
			children = (
				2A25E8291D92B7AF004DEDAB /* Base */,
			);
			name = LaunchScreen.storyboard;
			sourceTree = "<group>";
		};
/* End PBXVariantGroup section */

/* Begin XCBuildConfiguration section */
		2A25E82C1D92B7AF004DEDAB /* Debug */ = {
			isa = XCBuildConfiguration;
			buildSettings = {
				ALWAYS_SEARCH_USER_PATHS = NO;
				CLANG_ANALYZER_NONNULL = YES;
				CLANG_CXX_LANGUAGE_STANDARD = "gnu++0x";
				CLANG_CXX_LIBRARY = "libc++";
				CLANG_ENABLE_MODULES = YES;
				CLANG_ENABLE_OBJC_ARC = YES;
				CLANG_WARN_BOOL_CONVERSION = YES;
				CLANG_WARN_CONSTANT_CONVERSION = YES;
				CLANG_WARN_DIRECT_OBJC_ISA_USAGE = YES_ERROR;
				CLANG_WARN_EMPTY_BODY = YES;
				CLANG_WARN_ENUM_CONVERSION = YES;
				CLANG_WARN_INT_CONVERSION = YES;
				CLANG_WARN_OBJC_ROOT_CLASS = YES_ERROR;
				CLANG_WARN_UNREACHABLE_CODE = YES;
				CLANG_WARN__DUPLICATE_METHOD_MATCH = YES;
				"CODE_SIGN_IDENTITY[sdk=iphoneos*]" = "iPhone Developer";
				COPY_PHASE_STRIP = NO;
				DEBUG_INFORMATION_FORMAT = dwarf;
				ENABLE_STRICT_OBJC_MSGSEND = YES;
				ENABLE_TESTABILITY = YES;
				GCC_C_LANGUAGE_STANDARD = gnu99;
				GCC_DYNAMIC_NO_PIC = NO;
				GCC_NO_COMMON_BLOCKS = YES;
				GCC_OPTIMIZATION_LEVEL = 0;
				GCC_PREPROCESSOR_DEFINITIONS = (
					"DEBUG=1",
					"$(inherited)",
				);
				GCC_WARN_64_TO_32_BIT_CONVERSION = YES;
				GCC_WARN_ABOUT_RETURN_TYPE = YES_ERROR;
				GCC_WARN_UNDECLARED_SELECTOR = YES;
				GCC_WARN_UNINITIALIZED_AUTOS = YES_AGGRESSIVE;
				GCC_WARN_UNUSED_FUNCTION = YES;
				GCC_WARN_UNUSED_VARIABLE = YES;
				IPHONEOS_DEPLOYMENT_TARGET = 9.3;
				MTL_ENABLE_DEBUG_INFO = YES;
				ONLY_ACTIVE_ARCH = YES;
				SDKROOT = iphoneos;
				SWIFT_OPTIMIZATION_LEVEL = "-Onone";
			};
			name = Debug;
		};
		2A25E82D1D92B7AF004DEDAB /* Release */ = {
			isa = XCBuildConfiguration;
			buildSettings = {
				ALWAYS_SEARCH_USER_PATHS = NO;
				CLANG_ANALYZER_NONNULL = YES;
				CLANG_CXX_LANGUAGE_STANDARD = "gnu++0x";
				CLANG_CXX_LIBRARY = "libc++";
				CLANG_ENABLE_MODULES = YES;
				CLANG_ENABLE_OBJC_ARC = YES;
				CLANG_WARN_BOOL_CONVERSION = YES;
				CLANG_WARN_CONSTANT_CONVERSION = YES;
				CLANG_WARN_DIRECT_OBJC_ISA_USAGE = YES_ERROR;
				CLANG_WARN_EMPTY_BODY = YES;
				CLANG_WARN_ENUM_CONVERSION = YES;
				CLANG_WARN_INT_CONVERSION = YES;
				CLANG_WARN_OBJC_ROOT_CLASS = YES_ERROR;
				CLANG_WARN_UNREACHABLE_CODE = YES;
				CLANG_WARN__DUPLICATE_METHOD_MATCH = YES;
				"CODE_SIGN_IDENTITY[sdk=iphoneos*]" = "iPhone Developer";
				COPY_PHASE_STRIP = NO;
				DEBUG_INFORMATION_FORMAT = "dwarf-with-dsym";
				ENABLE_NS_ASSERTIONS = NO;
				ENABLE_STRICT_OBJC_MSGSEND = YES;
				GCC_C_LANGUAGE_STANDARD = gnu99;
				GCC_NO_COMMON_BLOCKS = YES;
				GCC_WARN_64_TO_32_BIT_CONVERSION = YES;
				GCC_WARN_ABOUT_RETURN_TYPE = YES_ERROR;
				GCC_WARN_UNDECLARED_SELECTOR = YES;
				GCC_WARN_UNINITIALIZED_AUTOS = YES_AGGRESSIVE;
				GCC_WARN_UNUSED_FUNCTION = YES;
				GCC_WARN_UNUSED_VARIABLE = YES;
				IPHONEOS_DEPLOYMENT_TARGET = 9.3;
				MTL_ENABLE_DEBUG_INFO = NO;
				SDKROOT = iphoneos;
				VALIDATE_PRODUCT = YES;
			};
			name = Release;
		};
		2A25E82F1D92B7AF004DEDAB /* Debug */ = {
			isa = XCBuildConfiguration;
			buildSettings = {
				ASSETCATALOG_COMPILER_APPICON_NAME = AppIcon;
				INFOPLIST_FILE = LayerPractise/Info.plist;
				LD_RUNPATH_SEARCH_PATHS = "$(inherited) @executable_path/Frameworks";
				PRODUCT_BUNDLE_IDENTIFIER = com.sina.cjfire.LayerPractise;
				PRODUCT_NAME = "$(TARGET_NAME)";
			};
			name = Debug;
		};
		2A25E8301D92B7AF004DEDAB /* Release */ = {
			isa = XCBuildConfiguration;
			buildSettings = {
				ASSETCATALOG_COMPILER_APPICON_NAME = AppIcon;
				INFOPLIST_FILE = LayerPractise/Info.plist;
				LD_RUNPATH_SEARCH_PATHS = "$(inherited) @executable_path/Frameworks";
				PRODUCT_BUNDLE_IDENTIFIER = com.sina.cjfire.LayerPractise;
				PRODUCT_NAME = "$(TARGET_NAME)";
			};
			name = Release;
		};
/* End XCBuildConfiguration section */

/* Begin XCConfigurationList section */
		2A25E8171D92B7AF004DEDAB /* Build configuration list for PBXProject "LayerPractise" */ = {
			isa = XCConfigurationList;
			buildConfigurations = (
				2A25E82C1D92B7AF004DEDAB /* Debug */,
				2A25E82D1D92B7AF004DEDAB /* Release */,
			);
			defaultConfigurationIsVisible = 0;
			defaultConfigurationName = Release;
		};
		2A25E82E1D92B7AF004DEDAB /* Build configuration list for PBXNativeTarget "LayerPractise" */ = {
			isa = XCConfigurationList;
			buildConfigurations = (
				2A25E82F1D92B7AF004DEDAB /* Debug */,
				2A25E8301D92B7AF004DEDAB /* Release */,
			);
			defaultConfigurationIsVisible = 0;
		};
/* End XCConfigurationList section */
	};
	rootObject = 2A25E8141D92B7AF004DEDAB /* Project object */;
}
